
Microsoft Visual Studio Solution File, Format Version 12.00
# Visual Studio 15
VisualStudioVersion = 15.0.28307.271
MinimumVisualStudioVersion = 10.0.40219.1
Project("{FAE04EC0-301F-11D3-BF4B-00C04F79EFBC}") = "Dataproject", "Dataproject\Dataproject.csproj", "{86971EC7-0720-48F6-AAD7-32F57A4552C6}"
EndProject
Global
	GlobalSection(SolutionConfigurationPlatforms) = preSolution
		Debug|Any CPU = Debug|Any CPU
		Release|Any CPU = Release|Any CPU
	EndGlobalSection
	GlobalSection(ProjectConfigurationPlatforms) = postSolution
		{86971EC7-0720-48F6-AAD7-32F57A4552C6}.Debug|Any CPU.ActiveCfg = Debug|Any CPU
		{86971EC7-0720-48F6-AAD7-32F57A4552C6}.Debug|Any CPU.Build.0 = Debug|Any CPU
		{86971EC7-0720-48F6-AAD7-32F57A4552C6}.Release|Any CPU.ActiveCfg = Release|Any CPU
		{86971EC7-0720-48F6-AAD7-32F57A4552C6}.Release|Any CPU.Build.0 = Release|Any CPU
	EndGlobalSection
	GlobalSection(SolutionProperties) = preSolution
		HideSolutionNode = FALSE
	EndGlobalSection
	GlobalSection(ExtensibilityGlobals) = postSolution
		SolutionGuid = {49036706-450E-4129-A0CB-0F227921DA8C}
	EndGlobalSection
EndGlobal
